// !$*UTF8*$!
{
	archiveVersion = 1;
	classes = {
	};
	objectVersion = 56;
	objects = {

/* Begin PBXBuildFile section */
		2F353BAB29BCE46000C2398F /* RootBuilder.swift in Sources */ = {isa = PBXBuildFile; fileRef = 2F353BAA29BCE46000C2398F /* RootBuilder.swift */; };
		2F353BAD29BCE48800C2398F /* RootInteractor.swift in Sources */ = {isa = PBXBuildFile; fileRef = 2F353BAC29BCE48800C2398F /* RootInteractor.swift */; };
		2F353BAF29BCE49C00C2398F /* RootRouter.swift in Sources */ = {isa = PBXBuildFile; fileRef = 2F353BAE29BCE49C00C2398F /* RootRouter.swift */; };
		2F353BB129BCE4BC00C2398F /* RootViewController.swift in Sources */ = {isa = PBXBuildFile; fileRef = 2F353BB029BCE4BC00C2398F /* RootViewController.swift */; };
		2F353BB329BCEB9B00C2398F /* AppComponent.swift in Sources */ = {isa = PBXBuildFile; fileRef = 2F353BB229BCEB9B00C2398F /* AppComponent.swift */; };
		2F353BF229BD1D2900C2398F /* MainBuilder.swift in Sources */ = {isa = PBXBuildFile; fileRef = 2F353BF129BD1D2900C2398F /* MainBuilder.swift */; };
		2F353BF429BD1D3200C2398F /* MainInteractor.swift in Sources */ = {isa = PBXBuildFile; fileRef = 2F353BF329BD1D3200C2398F /* MainInteractor.swift */; };
		2F353BF629BD1D3C00C2398F /* MainRouter.swift in Sources */ = {isa = PBXBuildFile; fileRef = 2F353BF529BD1D3C00C2398F /* MainRouter.swift */; };
		2F353BF829BD1D4500C2398F /* MainViewController.swift in Sources */ = {isa = PBXBuildFile; fileRef = 2F353BF729BD1D4500C2398F /* MainViewController.swift */; };
		2F353BFA29BD22B600C2398F /* RootComponent+Main.swift in Sources */ = {isa = PBXBuildFile; fileRef = 2F353BF929BD22B600C2398F /* RootComponent+Main.swift */; };
		2F353C0229BD346A00C2398F /* CitySelectorRouter.swift in Sources */ = {isa = PBXBuildFile; fileRef = 2F353BFE29BD346A00C2398F /* CitySelectorRouter.swift */; };
		2F353C0329BD346A00C2398F /* CitySelectorViewController.swift in Sources */ = {isa = PBXBuildFile; fileRef = 2F353BFF29BD346A00C2398F /* CitySelectorViewController.swift */; };
		2F353C0429BD346A00C2398F /* CitySelectorBuilder.swift in Sources */ = {isa = PBXBuildFile; fileRef = 2F353C0029BD346A00C2398F /* CitySelectorBuilder.swift */; };
		2F353C0529BD346A00C2398F /* CitySelectorInteractor.swift in Sources */ = {isa = PBXBuildFile; fileRef = 2F353C0129BD346A00C2398F /* CitySelectorInteractor.swift */; };
		2F353C0A29BD347F00C2398F /* WeatherDisplayRouter.swift in Sources */ = {isa = PBXBuildFile; fileRef = 2F353C0629BD347F00C2398F /* WeatherDisplayRouter.swift */; };
		2F353C0B29BD347F00C2398F /* WeatherDisplayViewController.swift in Sources */ = {isa = PBXBuildFile; fileRef = 2F353C0729BD347F00C2398F /* WeatherDisplayViewController.swift */; };
		2F353C0C29BD347F00C2398F /* WeatherDisplayBuilder.swift in Sources */ = {isa = PBXBuildFile; fileRef = 2F353C0829BD347F00C2398F /* WeatherDisplayBuilder.swift */; };
		2F353C0D29BD347F00C2398F /* WeatherDisplayInteractor.swift in Sources */ = {isa = PBXBuildFile; fileRef = 2F353C0929BD347F00C2398F /* WeatherDisplayInteractor.swift */; };
		2F353C1029BD3E6100C2398F /* MainView.swift in Sources */ = {isa = PBXBuildFile; fileRef = 2F353C0F29BD3E6100C2398F /* MainView.swift */; };
		2F353C1429BD451400C2398F /* ScreenSize.swift in Sources */ = {isa = PBXBuildFile; fileRef = 2F353C1329BD451400C2398F /* ScreenSize.swift */; };
		2F353C1629BD465C00C2398F /* CitySelectorView.swift in Sources */ = {isa = PBXBuildFile; fileRef = 2F353C1529BD465C00C2398F /* CitySelectorView.swift */; };
		2F353C1829BD467C00C2398F /* CitySelectedView.swift in Sources */ = {isa = PBXBuildFile; fileRef = 2F353C1729BD467C00C2398F /* CitySelectedView.swift */; };
		2F353C1A29BD477500C2398F /* MainComponent+CitySelector.swift in Sources */ = {isa = PBXBuildFile; fileRef = 2F353C1929BD477500C2398F /* MainComponent+CitySelector.swift */; };
		2F353C1E29BD562C00C2398F /* WeatherDisplayView.swift in Sources */ = {isa = PBXBuildFile; fileRef = 2F353C1D29BD562C00C2398F /* WeatherDisplayView.swift */; };
		2F353C2029BD57B200C2398F /* MainComponent+WeatherDisplay.swift in Sources */ = {isa = PBXBuildFile; fileRef = 2F353C1F29BD57B200C2398F /* MainComponent+WeatherDisplay.swift */; };
		2F353C2629BD5ABA00C2398F /* WeatherDetailsRouter.swift in Sources */ = {isa = PBXBuildFile; fileRef = 2F353C2229BD5ABA00C2398F /* WeatherDetailsRouter.swift */; };
		2F353C2729BD5ABA00C2398F /* WeatherDetailsViewController.swift in Sources */ = {isa = PBXBuildFile; fileRef = 2F353C2329BD5ABA00C2398F /* WeatherDetailsViewController.swift */; };
		2F353C2829BD5ABA00C2398F /* WeatherDetailsBuilder.swift in Sources */ = {isa = PBXBuildFile; fileRef = 2F353C2429BD5ABA00C2398F /* WeatherDetailsBuilder.swift */; };
		2F353C2929BD5ABA00C2398F /* WeatherDetailsInteractor.swift in Sources */ = {isa = PBXBuildFile; fileRef = 2F353C2529BD5ABA00C2398F /* WeatherDetailsInteractor.swift */; };
		2F353C2B29BD5ACF00C2398F /* WeatherDetailsView.swift in Sources */ = {isa = PBXBuildFile; fileRef = 2F353C2A29BD5ACF00C2398F /* WeatherDetailsView.swift */; };
		2F353C2D29BD5BAD00C2398F /* MainComponent+WeatherDetails.swift in Sources */ = {isa = PBXBuildFile; fileRef = 2F353C2C29BD5BAD00C2398F /* MainComponent+WeatherDetails.swift */; };
		2F353C4029BE0B6600C2398F /* NetworkManagerMock.swift in Sources */ = {isa = PBXBuildFile; fileRef = 2F353C3029BE0B6500C2398F /* NetworkManagerMock.swift */; };
		2F353C4229BE0B6600C2398F /* ParameterEnconding.swift in Sources */ = {isa = PBXBuildFile; fileRef = 2F353C3429BE0B6500C2398F /* ParameterEnconding.swift */; };
		2F353C4329BE0B6600C2398F /* JSONParameterEncoder.swift in Sources */ = {isa = PBXBuildFile; fileRef = 2F353C3529BE0B6500C2398F /* JSONParameterEncoder.swift */; };
		2F353C4429BE0B6600C2398F /* URLParameterEnconding.swift in Sources */ = {isa = PBXBuildFile; fileRef = 2F353C3629BE0B6500C2398F /* URLParameterEnconding.swift */; };
		2F353C4529BE0B6600C2398F /* NetworkManager.swift in Sources */ = {isa = PBXBuildFile; fileRef = 2F353C3829BE0B6500C2398F /* NetworkManager.swift */; };
		2F353C4629BE0B6600C2398F /* FaireEndpoint.swift in Sources */ = {isa = PBXBuildFile; fileRef = 2F353C3A29BE0B6500C2398F /* FaireEndpoint.swift */; };
		2F353C4729BE0B6600C2398F /* HTTPTask.swift in Sources */ = {isa = PBXBuildFile; fileRef = 2F353C3C29BE0B6500C2398F /* HTTPTask.swift */; };
		2F353C4829BE0B6600C2398F /* HTTPMethod.swift in Sources */ = {isa = PBXBuildFile; fileRef = 2F353C3D29BE0B6500C2398F /* HTTPMethod.swift */; };
		2F353C4929BE0B6600C2398F /* Router.swift in Sources */ = {isa = PBXBuildFile; fileRef = 2F353C3E29BE0B6500C2398F /* Router.swift */; };
		2F353C4A29BE0B6600C2398F /* EndPointType.swift in Sources */ = {isa = PBXBuildFile; fileRef = 2F353C3F29BE0B6500C2398F /* EndPointType.swift */; };
		2F353C4C29BE0DD500C2398F /* MainService.swift in Sources */ = {isa = PBXBuildFile; fileRef = 2F353C4B29BE0DD500C2398F /* MainService.swift */; };
		2F353C4F29BE0E2100C2398F /* ConsolidateWeatherModel.swift in Sources */ = {isa = PBXBuildFile; fileRef = 2F353C4E29BE0E2100C2398F /* ConsolidateWeatherModel.swift */; };
		2F353C5129BE125D00C2398F /* ParentModel.swift in Sources */ = {isa = PBXBuildFile; fileRef = 2F353C5029BE125D00C2398F /* ParentModel.swift */; };
		2F353C5329BE13AA00C2398F /* SourceModel.swift in Sources */ = {isa = PBXBuildFile; fileRef = 2F353C5229BE13AA00C2398F /* SourceModel.swift */; };
		2F353C5529BE13FC00C2398F /* MainWeatherModel.swift in Sources */ = {isa = PBXBuildFile; fileRef = 2F353C5429BE13FC00C2398F /* MainWeatherModel.swift */; };
		2F353C5729BE15C600C2398F /* Constants.swift in Sources */ = {isa = PBXBuildFile; fileRef = 2F353C5629BE15C600C2398F /* Constants.swift */; };
		2F353C6329BE188600C2398F /* LoadingView.swift in Sources */ = {isa = PBXBuildFile; fileRef = 2F353C6229BE188600C2398F /* LoadingView.swift */; };
		2F353C6529BE18B200C2398F /* UIColor+Ext.swift in Sources */ = {isa = PBXBuildFile; fileRef = 2F353C6429BE18B200C2398F /* UIColor+Ext.swift */; };
		2F353C6729BE1C7500C2398F /* ToastView.swift in Sources */ = {isa = PBXBuildFile; fileRef = 2F353C6629BE1C7500C2398F /* ToastView.swift */; };
		2F353C6A29BE22C500C2398F /* MainViewModel.swift in Sources */ = {isa = PBXBuildFile; fileRef = 2F353C6929BE22C500C2398F /* MainViewModel.swift */; };
		2F353C7029BE5D4500C2398F /* Mockables.swift in Sources */ = {isa = PBXBuildFile; fileRef = 2F353C6E29BE5A7700C2398F /* Mockables.swift */; };
		2F3BC63A29BCDB9A00D11B0D /* AppDelegate.swift in Sources */ = {isa = PBXBuildFile; fileRef = 2F3BC63929BCDB9A00D11B0D /* AppDelegate.swift */; };
		2F3BC64329BCDB9B00D11B0D /* Assets.xcassets in Resources */ = {isa = PBXBuildFile; fileRef = 2F3BC64229BCDB9B00D11B0D /* Assets.xcassets */; };
		2F3BC64629BCDB9B00D11B0D /* LaunchScreen.storyboard in Resources */ = {isa = PBXBuildFile; fileRef = 2F3BC64429BCDB9B00D11B0D /* LaunchScreen.storyboard */; };
		2F3BC65129BCDB9B00D11B0D /* faireWeatherTests.swift in Sources */ = {isa = PBXBuildFile; fileRef = 2F3BC65029BCDB9B00D11B0D /* faireWeatherTests.swift */; };
		2F3BC65B29BCDB9B00D11B0D /* faireWeatherUITests.swift in Sources */ = {isa = PBXBuildFile; fileRef = 2F3BC65A29BCDB9B00D11B0D /* faireWeatherUITests.swift */; };
		2F3BC65D29BCDB9B00D11B0D /* faireWeatherUITestsLaunchTests.swift in Sources */ = {isa = PBXBuildFile; fileRef = 2F3BC65C29BCDB9B00D11B0D /* faireWeatherUITestsLaunchTests.swift */; };
		36921FD4B785BE225FD45CBA /* libPods-faireWeather.a in Frameworks */ = {isa = PBXBuildFile; fileRef = 87B9367558513313930ECF6B /* libPods-faireWeather.a */; };
		ADBF23730D2E5BBCCF0F0613 /* libPods-faireWeather-faireWeatherTests.a in Frameworks */ = {isa = PBXBuildFile; fileRef = 9B49DA6ED66633DF405A4463 /* libPods-faireWeather-faireWeatherTests.a */; };
/* End PBXBuildFile section */

/* Begin PBXContainerItemProxy section */
		2F3BC64D29BCDB9B00D11B0D /* PBXContainerItemProxy */ = {
			isa = PBXContainerItemProxy;
			containerPortal = 2F3BC62E29BCDB9A00D11B0D /* Project object */;
			proxyType = 1;
			remoteGlobalIDString = 2F3BC63529BCDB9A00D11B0D;
			remoteInfo = faireWeather;
		};
		2F3BC65729BCDB9B00D11B0D /* PBXContainerItemProxy */ = {
			isa = PBXContainerItemProxy;
			containerPortal = 2F3BC62E29BCDB9A00D11B0D /* Project object */;
			proxyType = 1;
			remoteGlobalIDString = 2F3BC63529BCDB9A00D11B0D;
			remoteInfo = faireWeather;
		};
/* End PBXContainerItemProxy section */

/* Begin PBXFileReference section */
		2F353BAA29BCE46000C2398F /* RootBuilder.swift */ = {isa = PBXFileReference; lastKnownFileType = sourcecode.swift; path = RootBuilder.swift; sourceTree = "<group>"; };
		2F353BAC29BCE48800C2398F /* RootInteractor.swift */ = {isa = PBXFileReference; lastKnownFileType = sourcecode.swift; path = RootInteractor.swift; sourceTree = "<group>"; };
		2F353BAE29BCE49C00C2398F /* RootRouter.swift */ = {isa = PBXFileReference; lastKnownFileType = sourcecode.swift; path = RootRouter.swift; sourceTree = "<group>"; };
		2F353BB029BCE4BC00C2398F /* RootViewController.swift */ = {isa = PBXFileReference; lastKnownFileType = sourcecode.swift; path = RootViewController.swift; sourceTree = "<group>"; };
		2F353BB229BCEB9B00C2398F /* AppComponent.swift */ = {isa = PBXFileReference; lastKnownFileType = sourcecode.swift; path = AppComponent.swift; sourceTree = "<group>"; };
		2F353BF129BD1D2900C2398F /* MainBuilder.swift */ = {isa = PBXFileReference; lastKnownFileType = sourcecode.swift; path = MainBuilder.swift; sourceTree = "<group>"; };
		2F353BF329BD1D3200C2398F /* MainInteractor.swift */ = {isa = PBXFileReference; lastKnownFileType = sourcecode.swift; path = MainInteractor.swift; sourceTree = "<group>"; };
		2F353BF529BD1D3C00C2398F /* MainRouter.swift */ = {isa = PBXFileReference; lastKnownFileType = sourcecode.swift; path = MainRouter.swift; sourceTree = "<group>"; };
		2F353BF729BD1D4500C2398F /* MainViewController.swift */ = {isa = PBXFileReference; lastKnownFileType = sourcecode.swift; path = MainViewController.swift; sourceTree = "<group>"; };
		2F353BF929BD22B600C2398F /* RootComponent+Main.swift */ = {isa = PBXFileReference; lastKnownFileType = sourcecode.swift; path = "RootComponent+Main.swift"; sourceTree = "<group>"; };
		2F353BFE29BD346A00C2398F /* CitySelectorRouter.swift */ = {isa = PBXFileReference; lastKnownFileType = sourcecode.swift; path = CitySelectorRouter.swift; sourceTree = "<group>"; };
		2F353BFF29BD346A00C2398F /* CitySelectorViewController.swift */ = {isa = PBXFileReference; lastKnownFileType = sourcecode.swift; path = CitySelectorViewController.swift; sourceTree = "<group>"; };
		2F353C0029BD346A00C2398F /* CitySelectorBuilder.swift */ = {isa = PBXFileReference; lastKnownFileType = sourcecode.swift; path = CitySelectorBuilder.swift; sourceTree = "<group>"; };
		2F353C0129BD346A00C2398F /* CitySelectorInteractor.swift */ = {isa = PBXFileReference; lastKnownFileType = sourcecode.swift; path = CitySelectorInteractor.swift; sourceTree = "<group>"; };
		2F353C0629BD347F00C2398F /* WeatherDisplayRouter.swift */ = {isa = PBXFileReference; lastKnownFileType = sourcecode.swift; path = WeatherDisplayRouter.swift; sourceTree = "<group>"; };
		2F353C0729BD347F00C2398F /* WeatherDisplayViewController.swift */ = {isa = PBXFileReference; lastKnownFileType = sourcecode.swift; path = WeatherDisplayViewController.swift; sourceTree = "<group>"; };
		2F353C0829BD347F00C2398F /* WeatherDisplayBuilder.swift */ = {isa = PBXFileReference; lastKnownFileType = sourcecode.swift; path = WeatherDisplayBuilder.swift; sourceTree = "<group>"; };
		2F353C0929BD347F00C2398F /* WeatherDisplayInteractor.swift */ = {isa = PBXFileReference; lastKnownFileType = sourcecode.swift; path = WeatherDisplayInteractor.swift; sourceTree = "<group>"; };
		2F353C0F29BD3E6100C2398F /* MainView.swift */ = {isa = PBXFileReference; lastKnownFileType = sourcecode.swift; path = MainView.swift; sourceTree = "<group>"; };
		2F353C1329BD451400C2398F /* ScreenSize.swift */ = {isa = PBXFileReference; lastKnownFileType = sourcecode.swift; path = ScreenSize.swift; sourceTree = "<group>"; };
		2F353C1529BD465C00C2398F /* CitySelectorView.swift */ = {isa = PBXFileReference; lastKnownFileType = sourcecode.swift; path = CitySelectorView.swift; sourceTree = "<group>"; };
		2F353C1729BD467C00C2398F /* CitySelectedView.swift */ = {isa = PBXFileReference; lastKnownFileType = sourcecode.swift; path = CitySelectedView.swift; sourceTree = "<group>"; };
		2F353C1929BD477500C2398F /* MainComponent+CitySelector.swift */ = {isa = PBXFileReference; lastKnownFileType = sourcecode.swift; path = "MainComponent+CitySelector.swift"; sourceTree = "<group>"; };
		2F353C1D29BD562C00C2398F /* WeatherDisplayView.swift */ = {isa = PBXFileReference; lastKnownFileType = sourcecode.swift; path = WeatherDisplayView.swift; sourceTree = "<group>"; };
		2F353C1F29BD57B200C2398F /* MainComponent+WeatherDisplay.swift */ = {isa = PBXFileReference; lastKnownFileType = sourcecode.swift; path = "MainComponent+WeatherDisplay.swift"; sourceTree = "<group>"; };
		2F353C2229BD5ABA00C2398F /* WeatherDetailsRouter.swift */ = {isa = PBXFileReference; lastKnownFileType = sourcecode.swift; path = WeatherDetailsRouter.swift; sourceTree = "<group>"; };
		2F353C2329BD5ABA00C2398F /* WeatherDetailsViewController.swift */ = {isa = PBXFileReference; lastKnownFileType = sourcecode.swift; path = WeatherDetailsViewController.swift; sourceTree = "<group>"; };
		2F353C2429BD5ABA00C2398F /* WeatherDetailsBuilder.swift */ = {isa = PBXFileReference; lastKnownFileType = sourcecode.swift; path = WeatherDetailsBuilder.swift; sourceTree = "<group>"; };
		2F353C2529BD5ABA00C2398F /* WeatherDetailsInteractor.swift */ = {isa = PBXFileReference; lastKnownFileType = sourcecode.swift; path = WeatherDetailsInteractor.swift; sourceTree = "<group>"; };
		2F353C2A29BD5ACF00C2398F /* WeatherDetailsView.swift */ = {isa = PBXFileReference; lastKnownFileType = sourcecode.swift; path = WeatherDetailsView.swift; sourceTree = "<group>"; };
		2F353C2C29BD5BAD00C2398F /* MainComponent+WeatherDetails.swift */ = {isa = PBXFileReference; lastKnownFileType = sourcecode.swift; path = "MainComponent+WeatherDetails.swift"; sourceTree = "<group>"; };
		2F353C3029BE0B6500C2398F /* NetworkManagerMock.swift */ = {isa = PBXFileReference; fileEncoding = 4; lastKnownFileType = sourcecode.swift; path = NetworkManagerMock.swift; sourceTree = "<group>"; };
		2F353C3429BE0B6500C2398F /* ParameterEnconding.swift */ = {isa = PBXFileReference; fileEncoding = 4; lastKnownFileType = sourcecode.swift; path = ParameterEnconding.swift; sourceTree = "<group>"; };
		2F353C3529BE0B6500C2398F /* JSONParameterEncoder.swift */ = {isa = PBXFileReference; fileEncoding = 4; lastKnownFileType = sourcecode.swift; path = JSONParameterEncoder.swift; sourceTree = "<group>"; };
		2F353C3629BE0B6500C2398F /* URLParameterEnconding.swift */ = {isa = PBXFileReference; fileEncoding = 4; lastKnownFileType = sourcecode.swift; path = URLParameterEnconding.swift; sourceTree = "<group>"; };
		2F353C3829BE0B6500C2398F /* NetworkManager.swift */ = {isa = PBXFileReference; fileEncoding = 4; lastKnownFileType = sourcecode.swift; path = NetworkManager.swift; sourceTree = "<group>"; };
		2F353C3A29BE0B6500C2398F /* FaireEndpoint.swift */ = {isa = PBXFileReference; fileEncoding = 4; lastKnownFileType = sourcecode.swift; path = FaireEndpoint.swift; sourceTree = "<group>"; };
		2F353C3C29BE0B6500C2398F /* HTTPTask.swift */ = {isa = PBXFileReference; fileEncoding = 4; lastKnownFileType = sourcecode.swift; path = HTTPTask.swift; sourceTree = "<group>"; };
		2F353C3D29BE0B6500C2398F /* HTTPMethod.swift */ = {isa = PBXFileReference; fileEncoding = 4; lastKnownFileType = sourcecode.swift; path = HTTPMethod.swift; sourceTree = "<group>"; };
		2F353C3E29BE0B6500C2398F /* Router.swift */ = {isa = PBXFileReference; fileEncoding = 4; lastKnownFileType = sourcecode.swift; path = Router.swift; sourceTree = "<group>"; };
		2F353C3F29BE0B6500C2398F /* EndPointType.swift */ = {isa = PBXFileReference; fileEncoding = 4; lastKnownFileType = sourcecode.swift; path = EndPointType.swift; sourceTree = "<group>"; };
		2F353C4B29BE0DD500C2398F /* MainService.swift */ = {isa = PBXFileReference; lastKnownFileType = sourcecode.swift; path = MainService.swift; sourceTree = "<group>"; };
		2F353C4E29BE0E2100C2398F /* ConsolidateWeatherModel.swift */ = {isa = PBXFileReference; lastKnownFileType = sourcecode.swift; path = ConsolidateWeatherModel.swift; sourceTree = "<group>"; };
		2F353C5029BE125D00C2398F /* ParentModel.swift */ = {isa = PBXFileReference; lastKnownFileType = sourcecode.swift; path = ParentModel.swift; sourceTree = "<group>"; };
		2F353C5229BE13AA00C2398F /* SourceModel.swift */ = {isa = PBXFileReference; lastKnownFileType = sourcecode.swift; path = SourceModel.swift; sourceTree = "<group>"; };
		2F353C5429BE13FC00C2398F /* MainWeatherModel.swift */ = {isa = PBXFileReference; lastKnownFileType = sourcecode.swift; path = MainWeatherModel.swift; sourceTree = "<group>"; };
		2F353C5629BE15C600C2398F /* Constants.swift */ = {isa = PBXFileReference; lastKnownFileType = sourcecode.swift; path = Constants.swift; sourceTree = "<group>"; };
		2F353C6229BE188600C2398F /* LoadingView.swift */ = {isa = PBXFileReference; lastKnownFileType = sourcecode.swift; path = LoadingView.swift; sourceTree = "<group>"; };
		2F353C6429BE18B200C2398F /* UIColor+Ext.swift */ = {isa = PBXFileReference; lastKnownFileType = sourcecode.swift; path = "UIColor+Ext.swift"; sourceTree = "<group>"; };
		2F353C6629BE1C7500C2398F /* ToastView.swift */ = {isa = PBXFileReference; lastKnownFileType = sourcecode.swift; path = ToastView.swift; sourceTree = "<group>"; };
		2F353C6929BE22C500C2398F /* MainViewModel.swift */ = {isa = PBXFileReference; lastKnownFileType = sourcecode.swift; path = MainViewModel.swift; sourceTree = "<group>"; };
		2F353C6E29BE5A7700C2398F /* Mockables.swift */ = {isa = PBXFileReference; lastKnownFileType = sourcecode.swift; path = Mockables.swift; sourceTree = "<group>"; };
		2F3BC63629BCDB9A00D11B0D /* faireWeather.app */ = {isa = PBXFileReference; explicitFileType = wrapper.application; includeInIndex = 0; path = faireWeather.app; sourceTree = BUILT_PRODUCTS_DIR; };
		2F3BC63929BCDB9A00D11B0D /* AppDelegate.swift */ = {isa = PBXFileReference; lastKnownFileType = sourcecode.swift; path = AppDelegate.swift; sourceTree = "<group>"; };
		2F3BC64229BCDB9B00D11B0D /* Assets.xcassets */ = {isa = PBXFileReference; lastKnownFileType = folder.assetcatalog; path = Assets.xcassets; sourceTree = "<group>"; };
		2F3BC64529BCDB9B00D11B0D /* Base */ = {isa = PBXFileReference; lastKnownFileType = file.storyboard; name = Base; path = Base.lproj/LaunchScreen.storyboard; sourceTree = "<group>"; };
		2F3BC64729BCDB9B00D11B0D /* Info.plist */ = {isa = PBXFileReference; lastKnownFileType = text.plist.xml; path = Info.plist; sourceTree = "<group>"; };
		2F3BC64C29BCDB9B00D11B0D /* faireWeatherTests.xctest */ = {isa = PBXFileReference; explicitFileType = wrapper.cfbundle; includeInIndex = 0; path = faireWeatherTests.xctest; sourceTree = BUILT_PRODUCTS_DIR; };
		2F3BC65029BCDB9B00D11B0D /* faireWeatherTests.swift */ = {isa = PBXFileReference; lastKnownFileType = sourcecode.swift; path = faireWeatherTests.swift; sourceTree = "<group>"; };
		2F3BC65629BCDB9B00D11B0D /* faireWeatherUITests.xctest */ = {isa = PBXFileReference; explicitFileType = wrapper.cfbundle; includeInIndex = 0; path = faireWeatherUITests.xctest; sourceTree = BUILT_PRODUCTS_DIR; };
		2F3BC65A29BCDB9B00D11B0D /* faireWeatherUITests.swift */ = {isa = PBXFileReference; lastKnownFileType = sourcecode.swift; path = faireWeatherUITests.swift; sourceTree = "<group>"; };
		2F3BC65C29BCDB9B00D11B0D /* faireWeatherUITestsLaunchTests.swift */ = {isa = PBXFileReference; lastKnownFileType = sourcecode.swift; path = faireWeatherUITestsLaunchTests.swift; sourceTree = "<group>"; };
		33DAA2BFFC077692F8AE9FD2 /* Pods-faireWeather.release.xcconfig */ = {isa = PBXFileReference; includeInIndex = 1; lastKnownFileType = text.xcconfig; name = "Pods-faireWeather.release.xcconfig"; path = "Target Support Files/Pods-faireWeather/Pods-faireWeather.release.xcconfig"; sourceTree = "<group>"; };
		361CDDFC85810CC5E4A046F6 /* Pods-faireWeather.debug.xcconfig */ = {isa = PBXFileReference; includeInIndex = 1; lastKnownFileType = text.xcconfig; name = "Pods-faireWeather.debug.xcconfig"; path = "Target Support Files/Pods-faireWeather/Pods-faireWeather.debug.xcconfig"; sourceTree = "<group>"; };
		87B9367558513313930ECF6B /* libPods-faireWeather.a */ = {isa = PBXFileReference; explicitFileType = archive.ar; includeInIndex = 0; path = "libPods-faireWeather.a"; sourceTree = BUILT_PRODUCTS_DIR; };
		9B49DA6ED66633DF405A4463 /* libPods-faireWeather-faireWeatherTests.a */ = {isa = PBXFileReference; explicitFileType = archive.ar; includeInIndex = 0; path = "libPods-faireWeather-faireWeatherTests.a"; sourceTree = BUILT_PRODUCTS_DIR; };
		B3887BA5871B363E043A88C7 /* Pods-faireWeather-faireWeatherTests.release.xcconfig */ = {isa = PBXFileReference; includeInIndex = 1; lastKnownFileType = text.xcconfig; name = "Pods-faireWeather-faireWeatherTests.release.xcconfig"; path = "Target Support Files/Pods-faireWeather-faireWeatherTests/Pods-faireWeather-faireWeatherTests.release.xcconfig"; sourceTree = "<group>"; };
		C701073359649EAC6D75561F /* Pods-faireWeather-faireWeatherTests.debug.xcconfig */ = {isa = PBXFileReference; includeInIndex = 1; lastKnownFileType = text.xcconfig; name = "Pods-faireWeather-faireWeatherTests.debug.xcconfig"; path = "Target Support Files/Pods-faireWeather-faireWeatherTests/Pods-faireWeather-faireWeatherTests.debug.xcconfig"; sourceTree = "<group>"; };
/* End PBXFileReference section */

/* Begin PBXFrameworksBuildPhase section */
		2F3BC63329BCDB9A00D11B0D /* Frameworks */ = {
			isa = PBXFrameworksBuildPhase;
			buildActionMask = 2147483647;
			files = (
				36921FD4B785BE225FD45CBA /* libPods-faireWeather.a in Frameworks */,
			);
			runOnlyForDeploymentPostprocessing = 0;
		};
		2F3BC64929BCDB9B00D11B0D /* Frameworks */ = {
			isa = PBXFrameworksBuildPhase;
			buildActionMask = 2147483647;
			files = (
				ADBF23730D2E5BBCCF0F0613 /* libPods-faireWeather-faireWeatherTests.a in Frameworks */,
			);
			runOnlyForDeploymentPostprocessing = 0;
		};
		2F3BC65329BCDB9B00D11B0D /* Frameworks */ = {
			isa = PBXFrameworksBuildPhase;
			buildActionMask = 2147483647;
			files = (
			);
			runOnlyForDeploymentPostprocessing = 0;
		};
/* End PBXFrameworksBuildPhase section */

/* Begin PBXGroup section */
		2F353BA829BCE43B00C2398F /* AppMain */ = {
			isa = PBXGroup;
			children = (
				2F3BC63929BCDB9A00D11B0D /* AppDelegate.swift */,
				2F3BC64229BCDB9B00D11B0D /* Assets.xcassets */,
				2F3BC64429BCDB9B00D11B0D /* LaunchScreen.storyboard */,
				2F353BB229BCEB9B00C2398F /* AppComponent.swift */,
			);
			path = AppMain;
			sourceTree = "<group>";
		};
		2F353BA929BCE45100C2398F /* Root */ = {
			isa = PBXGroup;
			children = (
				2F353BAA29BCE46000C2398F /* RootBuilder.swift */,
				2F353BAC29BCE48800C2398F /* RootInteractor.swift */,
				2F353BAE29BCE49C00C2398F /* RootRouter.swift */,
				2F353BB029BCE4BC00C2398F /* RootViewController.swift */,
				2F353BF929BD22B600C2398F /* RootComponent+Main.swift */,
			);
			path = Root;
			sourceTree = "<group>";
		};
		2F353BF029BD1D0700C2398F /* Main */ = {
			isa = PBXGroup;
			children = (
				2F353C6829BE22A400C2398F /* ViewModels */,
				2F353C4D29BE0DDA00C2398F /* Models */,
				2F353BFB29BD329600C2398F /* Components */,
				2F353BF129BD1D2900C2398F /* MainBuilder.swift */,
				2F353BF329BD1D3200C2398F /* MainInteractor.swift */,
				2F353BF529BD1D3C00C2398F /* MainRouter.swift */,
				2F353BF729BD1D4500C2398F /* MainViewController.swift */,
				2F353C4B29BE0DD500C2398F /* MainService.swift */,
			);
			path = Main;
			sourceTree = "<group>";
		};
		2F353BFB29BD329600C2398F /* Components */ = {
			isa = PBXGroup;
			children = (
				2F353C2129BD5A9E00C2398F /* WeatherDetails */,
				2F353BFD29BD33B800C2398F /* WeatherDisplay */,
				2F353BFC29BD338D00C2398F /* CitySelector */,
				2F353C0F29BD3E6100C2398F /* MainView.swift */,
				2F353C1929BD477500C2398F /* MainComponent+CitySelector.swift */,
				2F353C1F29BD57B200C2398F /* MainComponent+WeatherDisplay.swift */,
				2F353C2C29BD5BAD00C2398F /* MainComponent+WeatherDetails.swift */,
			);
			path = Components;
			sourceTree = "<group>";
		};
		2F353BFC29BD338D00C2398F /* CitySelector */ = {
			isa = PBXGroup;
			children = (
				2F353BFE29BD346A00C2398F /* CitySelectorRouter.swift */,
				2F353BFF29BD346A00C2398F /* CitySelectorViewController.swift */,
				2F353C0029BD346A00C2398F /* CitySelectorBuilder.swift */,
				2F353C0129BD346A00C2398F /* CitySelectorInteractor.swift */,
				2F353C1529BD465C00C2398F /* CitySelectorView.swift */,
				2F353C1729BD467C00C2398F /* CitySelectedView.swift */,
			);
			path = CitySelector;
			sourceTree = "<group>";
		};
		2F353BFD29BD33B800C2398F /* WeatherDisplay */ = {
			isa = PBXGroup;
			children = (
				2F353C0629BD347F00C2398F /* WeatherDisplayRouter.swift */,
				2F353C0729BD347F00C2398F /* WeatherDisplayViewController.swift */,
				2F353C0829BD347F00C2398F /* WeatherDisplayBuilder.swift */,
				2F353C0929BD347F00C2398F /* WeatherDisplayInteractor.swift */,
				2F353C1D29BD562C00C2398F /* WeatherDisplayView.swift */,
			);
			path = WeatherDisplay;
			sourceTree = "<group>";
		};
		2F353C1229BD450900C2398F /* Helpers */ = {
			isa = PBXGroup;
			children = (
				2F353C6229BE188600C2398F /* LoadingView.swift */,
				2F353C1329BD451400C2398F /* ScreenSize.swift */,
				2F353C5629BE15C600C2398F /* Constants.swift */,
				2F353C6429BE18B200C2398F /* UIColor+Ext.swift */,
				2F353C6629BE1C7500C2398F /* ToastView.swift */,
			);
			path = Helpers;
			sourceTree = "<group>";
		};
		2F353C2129BD5A9E00C2398F /* WeatherDetails */ = {
			isa = PBXGroup;
			children = (
				2F353C2229BD5ABA00C2398F /* WeatherDetailsRouter.swift */,
				2F353C2329BD5ABA00C2398F /* WeatherDetailsViewController.swift */,
				2F353C2429BD5ABA00C2398F /* WeatherDetailsBuilder.swift */,
				2F353C2529BD5ABA00C2398F /* WeatherDetailsInteractor.swift */,
				2F353C2A29BD5ACF00C2398F /* WeatherDetailsView.swift */,
			);
			path = WeatherDetails;
			sourceTree = "<group>";
		};
		2F353C2E29BE0B6500C2398F /* API */ = {
			isa = PBXGroup;
			children = (
				2F353C2F29BE0B6500C2398F /* Mock */,
				2F353C3329BE0B6500C2398F /* Encoding */,
				2F353C3729BE0B6500C2398F /* Manager */,
				2F353C3929BE0B6500C2398F /* EndPoint */,
				2F353C3B29BE0B6500C2398F /* Service */,
			);
			path = API;
			sourceTree = "<group>";
		};
		2F353C2F29BE0B6500C2398F /* Mock */ = {
			isa = PBXGroup;
			children = (
				2F353C3029BE0B6500C2398F /* NetworkManagerMock.swift */,
			);
			path = Mock;
			sourceTree = "<group>";
		};
		2F353C3329BE0B6500C2398F /* Encoding */ = {
			isa = PBXGroup;
			children = (
				2F353C3429BE0B6500C2398F /* ParameterEnconding.swift */,
				2F353C3529BE0B6500C2398F /* JSONParameterEncoder.swift */,
				2F353C3629BE0B6500C2398F /* URLParameterEnconding.swift */,
			);
			path = Encoding;
			sourceTree = "<group>";
		};
		2F353C3729BE0B6500C2398F /* Manager */ = {
			isa = PBXGroup;
			children = (
				2F353C3829BE0B6500C2398F /* NetworkManager.swift */,
			);
			path = Manager;
			sourceTree = "<group>";
		};
		2F353C3929BE0B6500C2398F /* EndPoint */ = {
			isa = PBXGroup;
			children = (
				2F353C3A29BE0B6500C2398F /* FaireEndpoint.swift */,
			);
			path = EndPoint;
			sourceTree = "<group>";
		};
		2F353C3B29BE0B6500C2398F /* Service */ = {
			isa = PBXGroup;
			children = (
				2F353C3C29BE0B6500C2398F /* HTTPTask.swift */,
				2F353C3D29BE0B6500C2398F /* HTTPMethod.swift */,
				2F353C3E29BE0B6500C2398F /* Router.swift */,
				2F353C3F29BE0B6500C2398F /* EndPointType.swift */,
			);
			path = Service;
			sourceTree = "<group>";
		};
		2F353C4D29BE0DDA00C2398F /* Models */ = {
			isa = PBXGroup;
			children = (
				2F353C4E29BE0E2100C2398F /* ConsolidateWeatherModel.swift */,
				2F353C5029BE125D00C2398F /* ParentModel.swift */,
				2F353C5229BE13AA00C2398F /* SourceModel.swift */,
				2F353C5429BE13FC00C2398F /* MainWeatherModel.swift */,
			);
			path = Models;
			sourceTree = "<group>";
		};
		2F353C5929BE184700C2398F /* RIBs */ = {
			isa = PBXGroup;
			children = (
				2F353BF029BD1D0700C2398F /* Main */,
				2F353BA929BCE45100C2398F /* Root */,
			);
			path = RIBs;
			sourceTree = "<group>";
		};
		2F353C6829BE22A400C2398F /* ViewModels */ = {
			isa = PBXGroup;
			children = (
				2F353C6929BE22C500C2398F /* MainViewModel.swift */,
			);
			path = ViewModels;
			sourceTree = "<group>";
		};
		2F3BC62D29BCDB9A00D11B0D = {
			isa = PBXGroup;
			children = (
				2F3BC63829BCDB9A00D11B0D /* faireWeather */,
				2F3BC64F29BCDB9B00D11B0D /* faireWeatherTests */,
				2F3BC65929BCDB9B00D11B0D /* faireWeatherUITests */,
				2F3BC63729BCDB9A00D11B0D /* Products */,
				A02DE3C35A4ADDDF621A3305 /* Pods */,
				E9B86CAB4B946E3C60AA8056 /* Frameworks */,
			);
			sourceTree = "<group>";
		};
		2F3BC63729BCDB9A00D11B0D /* Products */ = {
			isa = PBXGroup;
			children = (
				2F3BC63629BCDB9A00D11B0D /* faireWeather.app */,
				2F3BC64C29BCDB9B00D11B0D /* faireWeatherTests.xctest */,
				2F3BC65629BCDB9B00D11B0D /* faireWeatherUITests.xctest */,
			);
			name = Products;
			sourceTree = "<group>";
		};
		2F3BC63829BCDB9A00D11B0D /* faireWeather */ = {
			isa = PBXGroup;
			children = (
				2F353C5929BE184700C2398F /* RIBs */,
				2F353C2E29BE0B6500C2398F /* API */,
				2F353C1229BD450900C2398F /* Helpers */,
				2F3BC64729BCDB9B00D11B0D /* Info.plist */,
				2F353BA829BCE43B00C2398F /* AppMain */,
			);
			path = faireWeather;
			sourceTree = "<group>";
		};
		2F3BC64F29BCDB9B00D11B0D /* faireWeatherTests */ = {
			isa = PBXGroup;
			children = (
				2F3BC65029BCDB9B00D11B0D /* faireWeatherTests.swift */,
				2F353C6E29BE5A7700C2398F /* Mockables.swift */,
			);
			path = faireWeatherTests;
			sourceTree = "<group>";
		};
		2F3BC65929BCDB9B00D11B0D /* faireWeatherUITests */ = {
			isa = PBXGroup;
			children = (
				2F3BC65A29BCDB9B00D11B0D /* faireWeatherUITests.swift */,
				2F3BC65C29BCDB9B00D11B0D /* faireWeatherUITestsLaunchTests.swift */,
			);
			path = faireWeatherUITests;
			sourceTree = "<group>";
		};
		A02DE3C35A4ADDDF621A3305 /* Pods */ = {
			isa = PBXGroup;
			children = (
				361CDDFC85810CC5E4A046F6 /* Pods-faireWeather.debug.xcconfig */,
				33DAA2BFFC077692F8AE9FD2 /* Pods-faireWeather.release.xcconfig */,
				C701073359649EAC6D75561F /* Pods-faireWeather-faireWeatherTests.debug.xcconfig */,
				B3887BA5871B363E043A88C7 /* Pods-faireWeather-faireWeatherTests.release.xcconfig */,
			);
			path = Pods;
			sourceTree = "<group>";
		};
		E9B86CAB4B946E3C60AA8056 /* Frameworks */ = {
			isa = PBXGroup;
			children = (
				87B9367558513313930ECF6B /* libPods-faireWeather.a */,
				9B49DA6ED66633DF405A4463 /* libPods-faireWeather-faireWeatherTests.a */,
			);
			name = Frameworks;
			sourceTree = "<group>";
		};
/* End PBXGroup section */

/* Begin PBXNativeTarget section */
		2F3BC63529BCDB9A00D11B0D /* faireWeather */ = {
			isa = PBXNativeTarget;
			buildConfigurationList = 2F3BC66029BCDB9B00D11B0D /* Build configuration list for PBXNativeTarget "faireWeather" */;
			buildPhases = (
				34F1C85933D5F4A303715986 /* [CP] Check Pods Manifest.lock */,
				2F3BC63229BCDB9A00D11B0D /* Sources */,
				2F3BC63329BCDB9A00D11B0D /* Frameworks */,
				2F3BC63429BCDB9A00D11B0D /* Resources */,
			);
			buildRules = (
			);
			dependencies = (
			);
			name = faireWeather;
			productName = faireWeather;
			productReference = 2F3BC63629BCDB9A00D11B0D /* faireWeather.app */;
			productType = "com.apple.product-type.application";
		};
		2F3BC64B29BCDB9B00D11B0D /* faireWeatherTests */ = {
			isa = PBXNativeTarget;
			buildConfigurationList = 2F3BC66329BCDB9B00D11B0D /* Build configuration list for PBXNativeTarget "faireWeatherTests" */;
			buildPhases = (
				DF2D4F10A9B89CA02E46E85D /* [CP] Check Pods Manifest.lock */,
				2F3BC64829BCDB9B00D11B0D /* Sources */,
				2F3BC64929BCDB9B00D11B0D /* Frameworks */,
				2F3BC64A29BCDB9B00D11B0D /* Resources */,
			);
			buildRules = (
			);
			dependencies = (
				2F3BC64E29BCDB9B00D11B0D /* PBXTargetDependency */,
			);
			name = faireWeatherTests;
			productName = faireWeatherTests;
			productReference = 2F3BC64C29BCDB9B00D11B0D /* faireWeatherTests.xctest */;
			productType = "com.apple.product-type.bundle.unit-test";
		};
		2F3BC65529BCDB9B00D11B0D /* faireWeatherUITests */ = {
			isa = PBXNativeTarget;
			buildConfigurationList = 2F3BC66629BCDB9B00D11B0D /* Build configuration list for PBXNativeTarget "faireWeatherUITests" */;
			buildPhases = (
				2F3BC65229BCDB9B00D11B0D /* Sources */,
				2F3BC65329BCDB9B00D11B0D /* Frameworks */,
				2F3BC65429BCDB9B00D11B0D /* Resources */,
			);
			buildRules = (
			);
			dependencies = (
				2F3BC65829BCDB9B00D11B0D /* PBXTargetDependency */,
			);
			name = faireWeatherUITests;
			productName = faireWeatherUITests;
			productReference = 2F3BC65629BCDB9B00D11B0D /* faireWeatherUITests.xctest */;
			productType = "com.apple.product-type.bundle.ui-testing";
		};
/* End PBXNativeTarget section */

/* Begin PBXProject section */
		2F3BC62E29BCDB9A00D11B0D /* Project object */ = {
			isa = PBXProject;
			attributes = {
				BuildIndependentTargetsInParallel = 1;
				LastSwiftUpdateCheck = 1420;
				LastUpgradeCheck = 1420;
				TargetAttributes = {
					2F3BC63529BCDB9A00D11B0D = {
						CreatedOnToolsVersion = 14.2;
					};
					2F3BC64B29BCDB9B00D11B0D = {
						CreatedOnToolsVersion = 14.2;
						TestTargetID = 2F3BC63529BCDB9A00D11B0D;
					};
					2F3BC65529BCDB9B00D11B0D = {
						CreatedOnToolsVersion = 14.2;
						TestTargetID = 2F3BC63529BCDB9A00D11B0D;
					};
				};
			};
			buildConfigurationList = 2F3BC63129BCDB9A00D11B0D /* Build configuration list for PBXProject "faireWeather" */;
			compatibilityVersion = "Xcode 14.0";
			developmentRegion = en;
			hasScannedForEncodings = 0;
			knownRegions = (
				en,
				Base,
			);
			mainGroup = 2F3BC62D29BCDB9A00D11B0D;
			productRefGroup = 2F3BC63729BCDB9A00D11B0D /* Products */;
			projectDirPath = "";
			projectRoot = "";
			targets = (
				2F3BC63529BCDB9A00D11B0D /* faireWeather */,
				2F3BC64B29BCDB9B00D11B0D /* faireWeatherTests */,
				2F3BC65529BCDB9B00D11B0D /* faireWeatherUITests */,
			);
		};
/* End PBXProject section */

/* Begin PBXResourcesBuildPhase section */
		2F3BC63429BCDB9A00D11B0D /* Resources */ = {
			isa = PBXResourcesBuildPhase;
			buildActionMask = 2147483647;
			files = (
				2F3BC64629BCDB9B00D11B0D /* LaunchScreen.storyboard in Resources */,
				2F3BC64329BCDB9B00D11B0D /* Assets.xcassets in Resources */,
			);
			runOnlyForDeploymentPostprocessing = 0;
		};
		2F3BC64A29BCDB9B00D11B0D /* Resources */ = {
			isa = PBXResourcesBuildPhase;
			buildActionMask = 2147483647;
			files = (
			);
			runOnlyForDeploymentPostprocessing = 0;
		};
		2F3BC65429BCDB9B00D11B0D /* Resources */ = {
			isa = PBXResourcesBuildPhase;
			buildActionMask = 2147483647;
			files = (
			);
			runOnlyForDeploymentPostprocessing = 0;
		};
/* End PBXResourcesBuildPhase section */

/* Begin PBXShellScriptBuildPhase section */
		34F1C85933D5F4A303715986 /* [CP] Check Pods Manifest.lock */ = {
			isa = PBXShellScriptBuildPhase;
			buildActionMask = 2147483647;
			files = (
			);
			inputFileListPaths = (
			);
			inputPaths = (
				"${PODS_PODFILE_DIR_PATH}/Podfile.lock",
				"${PODS_ROOT}/Manifest.lock",
			);
			name = "[CP] Check Pods Manifest.lock";
			outputFileListPaths = (
			);
			outputPaths = (
				"$(DERIVED_FILE_DIR)/Pods-faireWeather-checkManifestLockResult.txt",
			);
			runOnlyForDeploymentPostprocessing = 0;
			shellPath = /bin/sh;
			shellScript = "diff \"${PODS_PODFILE_DIR_PATH}/Podfile.lock\" \"${PODS_ROOT}/Manifest.lock\" > /dev/null\nif [ $? != 0 ] ; then\n    # print error to STDERR\n    echo \"error: The sandbox is not in sync with the Podfile.lock. Run 'pod install' or update your CocoaPods installation.\" >&2\n    exit 1\nfi\n# This output is used by Xcode 'outputs' to avoid re-running this script phase.\necho \"SUCCESS\" > \"${SCRIPT_OUTPUT_FILE_0}\"\n";
			showEnvVarsInLog = 0;
		};
		DF2D4F10A9B89CA02E46E85D /* [CP] Check Pods Manifest.lock */ = {
			isa = PBXShellScriptBuildPhase;
			buildActionMask = 2147483647;
			files = (
			);
			inputFileListPaths = (
			);
			inputPaths = (
				"${PODS_PODFILE_DIR_PATH}/Podfile.lock",
				"${PODS_ROOT}/Manifest.lock",
			);
			name = "[CP] Check Pods Manifest.lock";
			outputFileListPaths = (
			);
			outputPaths = (
				"$(DERIVED_FILE_DIR)/Pods-faireWeather-faireWeatherTests-checkManifestLockResult.txt",
			);
			runOnlyForDeploymentPostprocessing = 0;
			shellPath = /bin/sh;
			shellScript = "diff \"${PODS_PODFILE_DIR_PATH}/Podfile.lock\" \"${PODS_ROOT}/Manifest.lock\" > /dev/null\nif [ $? != 0 ] ; then\n    # print error to STDERR\n    echo \"error: The sandbox is not in sync with the Podfile.lock. Run 'pod install' or update your CocoaPods installation.\" >&2\n    exit 1\nfi\n# This output is used by Xcode 'outputs' to avoid re-running this script phase.\necho \"SUCCESS\" > \"${SCRIPT_OUTPUT_FILE_0}\"\n";
			showEnvVarsInLog = 0;
		};
/* End PBXShellScriptBuildPhase section */

/* Begin PBXSourcesBuildPhase section */
		2F3BC63229BCDB9A00D11B0D /* Sources */ = {
			isa = PBXSourcesBuildPhase;
			buildActionMask = 2147483647;
			files = (
				2F353C4629BE0B6600C2398F /* FaireEndpoint.swift in Sources */,
				2F353C5129BE125D00C2398F /* ParentModel.swift in Sources */,
				2F353C4529BE0B6600C2398F /* NetworkManager.swift in Sources */,
				2F3BC63A29BCDB9A00D11B0D /* AppDelegate.swift in Sources */,
				2F353BB329BCEB9B00C2398F /* AppComponent.swift in Sources */,
				2F353C4829BE0B6600C2398F /* HTTPMethod.swift in Sources */,
				2F353BB129BCE4BC00C2398F /* RootViewController.swift in Sources */,
				2F353C0B29BD347F00C2398F /* WeatherDisplayViewController.swift in Sources */,
				2F353BF229BD1D2900C2398F /* MainBuilder.swift in Sources */,
				2F353C0329BD346A00C2398F /* CitySelectorViewController.swift in Sources */,
				2F353C4929BE0B6600C2398F /* Router.swift in Sources */,
				2F353BAB29BCE46000C2398F /* RootBuilder.swift in Sources */,
				2F353BAF29BCE49C00C2398F /* RootRouter.swift in Sources */,
				2F353C6529BE18B200C2398F /* UIColor+Ext.swift in Sources */,
				2F353C6329BE188600C2398F /* LoadingView.swift in Sources */,
				2F353C5529BE13FC00C2398F /* MainWeatherModel.swift in Sources */,
				2F353C4429BE0B6600C2398F /* URLParameterEnconding.swift in Sources */,
				2F353C1A29BD477500C2398F /* MainComponent+CitySelector.swift in Sources */,
				2F353BAD29BCE48800C2398F /* RootInteractor.swift in Sources */,
				2F353BF429BD1D3200C2398F /* MainInteractor.swift in Sources */,
				2F353C1829BD467C00C2398F /* CitySelectedView.swift in Sources */,
				2F353BF629BD1D3C00C2398F /* MainRouter.swift in Sources */,
				2F353C0D29BD347F00C2398F /* WeatherDisplayInteractor.swift in Sources */,
				2F353C4029BE0B6600C2398F /* NetworkManagerMock.swift in Sources */,
				2F353C4F29BE0E2100C2398F /* ConsolidateWeatherModel.swift in Sources */,
				2F353C5729BE15C600C2398F /* Constants.swift in Sources */,
				2F353C4229BE0B6600C2398F /* ParameterEnconding.swift in Sources */,
				2F353C2D29BD5BAD00C2398F /* MainComponent+WeatherDetails.swift in Sources */,
				2F353C0C29BD347F00C2398F /* WeatherDisplayBuilder.swift in Sources */,
				2F353C1029BD3E6100C2398F /* MainView.swift in Sources */,
				2F353C2929BD5ABA00C2398F /* WeatherDetailsInteractor.swift in Sources */,
				2F353C6A29BE22C500C2398F /* MainViewModel.swift in Sources */,
				2F353C2029BD57B200C2398F /* MainComponent+WeatherDisplay.swift in Sources */,
				2F353C2829BD5ABA00C2398F /* WeatherDetailsBuilder.swift in Sources */,
				2F353C2629BD5ABA00C2398F /* WeatherDetailsRouter.swift in Sources */,
				2F353C6729BE1C7500C2398F /* ToastView.swift in Sources */,
				2F353C4A29BE0B6600C2398F /* EndPointType.swift in Sources */,
				2F353C1629BD465C00C2398F /* CitySelectorView.swift in Sources */,
				2F353BF829BD1D4500C2398F /* MainViewController.swift in Sources */,
				2F353C0229BD346A00C2398F /* CitySelectorRouter.swift in Sources */,
				2F353C5329BE13AA00C2398F /* SourceModel.swift in Sources */,
				2F353C2B29BD5ACF00C2398F /* WeatherDetailsView.swift in Sources */,
				2F353C0A29BD347F00C2398F /* WeatherDisplayRouter.swift in Sources */,
				2F353C4C29BE0DD500C2398F /* MainService.swift in Sources */,
				2F353BFA29BD22B600C2398F /* RootComponent+Main.swift in Sources */,
				2F353C1E29BD562C00C2398F /* WeatherDisplayView.swift in Sources */,
				2F353C1429BD451400C2398F /* ScreenSize.swift in Sources */,
				2F353C4329BE0B6600C2398F /* JSONParameterEncoder.swift in Sources */,
				2F353C4729BE0B6600C2398F /* HTTPTask.swift in Sources */,
				2F353C0429BD346A00C2398F /* CitySelectorBuilder.swift in Sources */,
				2F353C2729BD5ABA00C2398F /* WeatherDetailsViewController.swift in Sources */,
				2F353C0529BD346A00C2398F /* CitySelectorInteractor.swift in Sources */,
			);
			runOnlyForDeploymentPostprocessing = 0;
		};
		2F3BC64829BCDB9B00D11B0D /* Sources */ = {
			isa = PBXSourcesBuildPhase;
			buildActionMask = 2147483647;
			files = (
				2F3BC65129BCDB9B00D11B0D /* faireWeatherTests.swift in Sources */,
				2F353C7029BE5D4500C2398F /* Mockables.swift in Sources */,
			);
			runOnlyForDeploymentPostprocessing = 0;
		};
		2F3BC65229BCDB9B00D11B0D /* Sources */ = {
			isa = PBXSourcesBuildPhase;
			buildActionMask = 2147483647;
			files = (
				2F3BC65B29BCDB9B00D11B0D /* faireWeatherUITests.swift in Sources */,
				2F3BC65D29BCDB9B00D11B0D /* faireWeatherUITestsLaunchTests.swift in Sources */,
			);
			runOnlyForDeploymentPostprocessing = 0;
		};
/* End PBXSourcesBuildPhase section */

/* Begin PBXTargetDependency section */
		2F3BC64E29BCDB9B00D11B0D /* PBXTargetDependency */ = {
			isa = PBXTargetDependency;
			target = 2F3BC63529BCDB9A00D11B0D /* faireWeather */;
			targetProxy = 2F3BC64D29BCDB9B00D11B0D /* PBXContainerItemProxy */;
		};
		2F3BC65829BCDB9B00D11B0D /* PBXTargetDependency */ = {
			isa = PBXTargetDependency;
			target = 2F3BC63529BCDB9A00D11B0D /* faireWeather */;
			targetProxy = 2F3BC65729BCDB9B00D11B0D /* PBXContainerItemProxy */;
		};
/* End PBXTargetDependency section */

/* Begin PBXVariantGroup section */
		2F3BC64429BCDB9B00D11B0D /* LaunchScreen.storyboard */ = {
			isa = PBXVariantGroup;
			children = (
				2F3BC64529BCDB9B00D11B0D /* Base */,
			);
			name = LaunchScreen.storyboard;
			sourceTree = "<group>";
		};
/* End PBXVariantGroup section */

/* Begin XCBuildConfiguration section */
		2F3BC65E29BCDB9B00D11B0D /* Debug */ = {
			isa = XCBuildConfiguration;
			buildSettings = {
				ALWAYS_SEARCH_USER_PATHS = NO;
				CLANG_ANALYZER_NONNULL = YES;
				CLANG_ANALYZER_NUMBER_OBJECT_CONVERSION = YES_AGGRESSIVE;
				CLANG_CXX_LANGUAGE_STANDARD = "gnu++20";
				CLANG_ENABLE_MODULES = YES;
				CLANG_ENABLE_OBJC_ARC = YES;
				CLANG_ENABLE_OBJC_WEAK = YES;
				CLANG_WARN_BLOCK_CAPTURE_AUTORELEASING = YES;
				CLANG_WARN_BOOL_CONVERSION = YES;
				CLANG_WARN_COMMA = YES;
				CLANG_WARN_CONSTANT_CONVERSION = YES;
				CLANG_WARN_DEPRECATED_OBJC_IMPLEMENTATIONS = YES;
				CLANG_WARN_DIRECT_OBJC_ISA_USAGE = YES_ERROR;
				CLANG_WARN_DOCUMENTATION_COMMENTS = YES;
				CLANG_WARN_EMPTY_BODY = YES;
				CLANG_WARN_ENUM_CONVERSION = YES;
				CLANG_WARN_INFINITE_RECURSION = YES;
				CLANG_WARN_INT_CONVERSION = YES;
				CLANG_WARN_NON_LITERAL_NULL_CONVERSION = YES;
				CLANG_WARN_OBJC_IMPLICIT_RETAIN_SELF = YES;
				CLANG_WARN_OBJC_LITERAL_CONVERSION = YES;
				CLANG_WARN_OBJC_ROOT_CLASS = YES_ERROR;
				CLANG_WARN_QUOTED_INCLUDE_IN_FRAMEWORK_HEADER = YES;
				CLANG_WARN_RANGE_LOOP_ANALYSIS = YES;
				CLANG_WARN_STRICT_PROTOTYPES = YES;
				CLANG_WARN_SUSPICIOUS_MOVE = YES;
				CLANG_WARN_UNGUARDED_AVAILABILITY = YES_AGGRESSIVE;
				CLANG_WARN_UNREACHABLE_CODE = YES;
				CLANG_WARN__DUPLICATE_METHOD_MATCH = YES;
				COPY_PHASE_STRIP = NO;
				DEBUG_INFORMATION_FORMAT = dwarf;
				ENABLE_STRICT_OBJC_MSGSEND = YES;
				ENABLE_TESTABILITY = YES;
				GCC_C_LANGUAGE_STANDARD = gnu11;
				GCC_DYNAMIC_NO_PIC = NO;
				GCC_NO_COMMON_BLOCKS = YES;
				GCC_OPTIMIZATION_LEVEL = 0;
				GCC_PREPROCESSOR_DEFINITIONS = (
					"DEBUG=1",
					"$(inherited)",
				);
				GCC_WARN_64_TO_32_BIT_CONVERSION = YES;
				GCC_WARN_ABOUT_RETURN_TYPE = YES_ERROR;
				GCC_WARN_UNDECLARED_SELECTOR = YES;
				GCC_WARN_UNINITIALIZED_AUTOS = YES_AGGRESSIVE;
				GCC_WARN_UNUSED_FUNCTION = YES;
				GCC_WARN_UNUSED_VARIABLE = YES;
				IPHONEOS_DEPLOYMENT_TARGET = 16.2;
				MTL_ENABLE_DEBUG_INFO = INCLUDE_SOURCE;
				MTL_FAST_MATH = YES;
				ONLY_ACTIVE_ARCH = YES;
				SDKROOT = iphoneos;
				SWIFT_ACTIVE_COMPILATION_CONDITIONS = DEBUG;
				SWIFT_OPTIMIZATION_LEVEL = "-Onone";
			};
			name = Debug;
		};
		2F3BC65F29BCDB9B00D11B0D /* Release */ = {
			isa = XCBuildConfiguration;
			buildSettings = {
				ALWAYS_SEARCH_USER_PATHS = NO;
				CLANG_ANALYZER_NONNULL = YES;
				CLANG_ANALYZER_NUMBER_OBJECT_CONVERSION = YES_AGGRESSIVE;
				CLANG_CXX_LANGUAGE_STANDARD = "gnu++20";
				CLANG_ENABLE_MODULES = YES;
				CLANG_ENABLE_OBJC_ARC = YES;
				CLANG_ENABLE_OBJC_WEAK = YES;
				CLANG_WARN_BLOCK_CAPTURE_AUTORELEASING = YES;
				CLANG_WARN_BOOL_CONVERSION = YES;
				CLANG_WARN_COMMA = YES;
				CLANG_WARN_CONSTANT_CONVERSION = YES;
				CLANG_WARN_DEPRECATED_OBJC_IMPLEMENTATIONS = YES;
				CLANG_WARN_DIRECT_OBJC_ISA_USAGE = YES_ERROR;
				CLANG_WARN_DOCUMENTATION_COMMENTS = YES;
				CLANG_WARN_EMPTY_BODY = YES;
				CLANG_WARN_ENUM_CONVERSION = YES;
				CLANG_WARN_INFINITE_RECURSION = YES;
				CLANG_WARN_INT_CONVERSION = YES;
				CLANG_WARN_NON_LITERAL_NULL_CONVERSION = YES;
				CLANG_WARN_OBJC_IMPLICIT_RETAIN_SELF = YES;
				CLANG_WARN_OBJC_LITERAL_CONVERSION = YES;
				CLANG_WARN_OBJC_ROOT_CLASS = YES_ERROR;
				CLANG_WARN_QUOTED_INCLUDE_IN_FRAMEWORK_HEADER = YES;
				CLANG_WARN_RANGE_LOOP_ANALYSIS = YES;
				CLANG_WARN_STRICT_PROTOTYPES = YES;
				CLANG_WARN_SUSPICIOUS_MOVE = YES;
				CLANG_WARN_UNGUARDED_AVAILABILITY = YES_AGGRESSIVE;
				CLANG_WARN_UNREACHABLE_CODE = YES;
				CLANG_WARN__DUPLICATE_METHOD_MATCH = YES;
				COPY_PHASE_STRIP = NO;
				DEBUG_INFORMATION_FORMAT = "dwarf-with-dsym";
				ENABLE_NS_ASSERTIONS = NO;
				ENABLE_STRICT_OBJC_MSGSEND = YES;
				GCC_C_LANGUAGE_STANDARD = gnu11;
				GCC_NO_COMMON_BLOCKS = YES;
				GCC_WARN_64_TO_32_BIT_CONVERSION = YES;
				GCC_WARN_ABOUT_RETURN_TYPE = YES_ERROR;
				GCC_WARN_UNDECLARED_SELECTOR = YES;
				GCC_WARN_UNINITIALIZED_AUTOS = YES_AGGRESSIVE;
				GCC_WARN_UNUSED_FUNCTION = YES;
				GCC_WARN_UNUSED_VARIABLE = YES;
				IPHONEOS_DEPLOYMENT_TARGET = 16.2;
				MTL_ENABLE_DEBUG_INFO = NO;
				MTL_FAST_MATH = YES;
				SDKROOT = iphoneos;
				SWIFT_COMPILATION_MODE = wholemodule;
				SWIFT_OPTIMIZATION_LEVEL = "-O";
				VALIDATE_PRODUCT = YES;
			};
			name = Release;
		};
		2F3BC66129BCDB9B00D11B0D /* Debug */ = {
			isa = XCBuildConfiguration;
			baseConfigurationReference = 361CDDFC85810CC5E4A046F6 /* Pods-faireWeather.debug.xcconfig */;
			buildSettings = {
				ASSETCATALOG_COMPILER_APPICON_NAME = AppIcon;
				ASSETCATALOG_COMPILER_GLOBAL_ACCENT_COLOR_NAME = AccentColor;
				CODE_SIGN_STYLE = Automatic;
				CURRENT_PROJECT_VERSION = 1;
				GENERATE_INFOPLIST_FILE = YES;
				INFOPLIST_FILE = faireWeather/Info.plist;
				INFOPLIST_KEY_UIApplicationSupportsIndirectInputEvents = YES;
				INFOPLIST_KEY_UILaunchStoryboardName = LaunchScreen;
				INFOPLIST_KEY_UIMainStoryboardFile = "";
				INFOPLIST_KEY_UISupportedInterfaceOrientations_iPad = "UIInterfaceOrientationPortrait UIInterfaceOrientationPortraitUpsideDown UIInterfaceOrientationLandscapeLeft UIInterfaceOrientationLandscapeRight";
				INFOPLIST_KEY_UISupportedInterfaceOrientations_iPhone = "UIInterfaceOrientationPortrait UIInterfaceOrientationLandscapeLeft UIInterfaceOrientationLandscapeRight";
				IPHONEOS_DEPLOYMENT_TARGET = 13.0;
				LD_RUNPATH_SEARCH_PATHS = (
					"$(inherited)",
					"@executable_path/Frameworks",
				);
				MARKETING_VERSION = 1.0;
				PRODUCT_BUNDLE_IDENTIFIER = mjkweber.faireWeather;
				PRODUCT_NAME = "$(TARGET_NAME)";
				SWIFT_EMIT_LOC_STRINGS = YES;
				SWIFT_VERSION = 5.0;
				TARGETED_DEVICE_FAMILY = "1,2";
			};
			name = Debug;
		};
		2F3BC66229BCDB9B00D11B0D /* Release */ = {
			isa = XCBuildConfiguration;
			baseConfigurationReference = 33DAA2BFFC077692F8AE9FD2 /* Pods-faireWeather.release.xcconfig */;
			buildSettings = {
				ASSETCATALOG_COMPILER_APPICON_NAME = AppIcon;
				ASSETCATALOG_COMPILER_GLOBAL_ACCENT_COLOR_NAME = AccentColor;
				CODE_SIGN_STYLE = Automatic;
				CURRENT_PROJECT_VERSION = 1;
				GENERATE_INFOPLIST_FILE = YES;
				INFOPLIST_FILE = faireWeather/Info.plist;
				INFOPLIST_KEY_UIApplicationSupportsIndirectInputEvents = YES;
				INFOPLIST_KEY_UILaunchStoryboardName = LaunchScreen;
				INFOPLIST_KEY_UIMainStoryboardFile = "";
				INFOPLIST_KEY_UISupportedInterfaceOrientations_iPad = "UIInterfaceOrientationPortrait UIInterfaceOrientationPortraitUpsideDown UIInterfaceOrientationLandscapeLeft UIInterfaceOrientationLandscapeRight";
				INFOPLIST_KEY_UISupportedInterfaceOrientations_iPhone = "UIInterfaceOrientationPortrait UIInterfaceOrientationLandscapeLeft UIInterfaceOrientationLandscapeRight";
				IPHONEOS_DEPLOYMENT_TARGET = 13.0;
				LD_RUNPATH_SEARCH_PATHS = (
					"$(inherited)",
					"@executable_path/Frameworks",
				);
				MARKETING_VERSION = 1.0;
				PRODUCT_BUNDLE_IDENTIFIER = mjkweber.faireWeather;
				PRODUCT_NAME = "$(TARGET_NAME)";
				SWIFT_EMIT_LOC_STRINGS = YES;
				SWIFT_VERSION = 5.0;
				TARGETED_DEVICE_FAMILY = "1,2";
			};
			name = Release;
		};
		2F3BC66429BCDB9B00D11B0D /* Debug */ = {
			isa = XCBuildConfiguration;
			baseConfigurationReference = C701073359649EAC6D75561F /* Pods-faireWeather-faireWeatherTests.debug.xcconfig */;
			buildSettings = {
				ALWAYS_EMBED_SWIFT_STANDARD_LIBRARIES = YES;
				BUNDLE_LOADER = "$(TEST_HOST)";
				CODE_SIGN_STYLE = Automatic;
				CURRENT_PROJECT_VERSION = 1;
				GENERATE_INFOPLIST_FILE = YES;
				IPHONEOS_DEPLOYMENT_TARGET = 16.2;
				MARKETING_VERSION = 1.0;
				PRODUCT_BUNDLE_IDENTIFIER = mjkweber.faireWeatherTests;
				PRODUCT_NAME = "$(TARGET_NAME)";
				SWIFT_EMIT_LOC_STRINGS = NO;
				SWIFT_VERSION = 5.0;
				TARGETED_DEVICE_FAMILY = "1,2";
				TEST_HOST = "$(BUILT_PRODUCTS_DIR)/faireWeather.app/$(BUNDLE_EXECUTABLE_FOLDER_PATH)/faireWeather";
			};
			name = Debug;
		};
		2F3BC66529BCDB9B00D11B0D /* Release */ = {
			isa = XCBuildConfiguration;
			baseConfigurationReference = B3887BA5871B363E043A88C7 /* Pods-faireWeather-faireWeatherTests.release.xcconfig */;
			buildSettings = {
				ALWAYS_EMBED_SWIFT_STANDARD_LIBRARIES = YES;
				BUNDLE_LOADER = "$(TEST_HOST)";
				CODE_SIGN_STYLE = Automatic;
				CURRENT_PROJECT_VERSION = 1;
				GENERATE_INFOPLIST_FILE = YES;
				IPHONEOS_DEPLOYMENT_TARGET = 16.2;
				MARKETING_VERSION = 1.0;
				PRODUCT_BUNDLE_IDENTIFIER = mjkweber.faireWeatherTests;
				PRODUCT_NAME = "$(TARGET_NAME)";
				SWIFT_EMIT_LOC_STRINGS = NO;
				SWIFT_VERSION = 5.0;
				TARGETED_DEVICE_FAMILY = "1,2";
				TEST_HOST = "$(BUILT_PRODUCTS_DIR)/faireWeather.app/$(BUNDLE_EXECUTABLE_FOLDER_PATH)/faireWeather";
			};
			name = Release;
		};
		2F3BC66729BCDB9B00D11B0D /* Debug */ = {
			isa = XCBuildConfiguration;
			buildSettings = {
				ALWAYS_EMBED_SWIFT_STANDARD_LIBRARIES = YES;
				CODE_SIGN_STYLE = Automatic;
				CURRENT_PROJECT_VERSION = 1;
				GENERATE_INFOPLIST_FILE = YES;
				MARKETING_VERSION = 1.0;
				PRODUCT_BUNDLE_IDENTIFIER = mjkweber.faireWeatherUITests;
				PRODUCT_NAME = "$(TARGET_NAME)";
				SWIFT_EMIT_LOC_STRINGS = NO;
				SWIFT_VERSION = 5.0;
				TARGETED_DEVICE_FAMILY = "1,2";
				TEST_TARGET_NAME = faireWeather;
			};
			name = Debug;
		};
		2F3BC66829BCDB9B00D11B0D /* Release */ = {
			isa = XCBuildConfiguration;
			buildSettings = {
				ALWAYS_EMBED_SWIFT_STANDARD_LIBRARIES = YES;
				CODE_SIGN_STYLE = Automatic;
				CURRENT_PROJECT_VERSION = 1;
				GENERATE_INFOPLIST_FILE = YES;
				MARKETING_VERSION = 1.0;
				PRODUCT_BUNDLE_IDENTIFIER = mjkweber.faireWeatherUITests;
				PRODUCT_NAME = "$(TARGET_NAME)";
				SWIFT_EMIT_LOC_STRINGS = NO;
				SWIFT_VERSION = 5.0;
				TARGETED_DEVICE_FAMILY = "1,2";
				TEST_TARGET_NAME = faireWeather;
			};
			name = Release;
		};
/* End XCBuildConfiguration section */

/* Begin XCConfigurationList section */
		2F3BC63129BCDB9A00D11B0D /* Build configuration list for PBXProject "faireWeather" */ = {
			isa = XCConfigurationList;
			buildConfigurations = (
				2F3BC65E29BCDB9B00D11B0D /* Debug */,
				2F3BC65F29BCDB9B00D11B0D /* Release */,
			);
			defaultConfigurationIsVisible = 0;
			defaultConfigurationName = Release;
		};
		2F3BC66029BCDB9B00D11B0D /* Build configuration list for PBXNativeTarget "faireWeather" */ = {
			isa = XCConfigurationList;
			buildConfigurations = (
				2F3BC66129BCDB9B00D11B0D /* Debug */,
				2F3BC66229BCDB9B00D11B0D /* Release */,
			);
			defaultConfigurationIsVisible = 0;
			defaultConfigurationName = Release;
		};
		2F3BC66329BCDB9B00D11B0D /* Build configuration list for PBXNativeTarget "faireWeatherTests" */ = {
			isa = XCConfigurationList;
			buildConfigurations = (
				2F3BC66429BCDB9B00D11B0D /* Debug */,
				2F3BC66529BCDB9B00D11B0D /* Release */,
			);
			defaultConfigurationIsVisible = 0;
			defaultConfigurationName = Release;
		};
		2F3BC66629BCDB9B00D11B0D /* Build configuration list for PBXNativeTarget "faireWeatherUITests" */ = {
			isa = XCConfigurationList;
			buildConfigurations = (
				2F3BC66729BCDB9B00D11B0D /* Debug */,
				2F3BC66829BCDB9B00D11B0D /* Release */,
			);
			defaultConfigurationIsVisible = 0;
			defaultConfigurationName = Release;
		};
/* End XCConfigurationList section */
	};
	rootObject = 2F3BC62E29BCDB9A00D11B0D /* Project object */;
}
